
Microsoft Visual Studio Solution File, Format Version 12.00
# Visual Studio Version 16
VisualStudioVersion = 16.0.30330.147
MinimumVisualStudioVersion = 10.0.40219.1
Project("{FAE04EC0-301F-11D3-BF4B-00C04F79EFBC}") = "HitBloqCommandGenerator", "HitBloqCommandGenerator\HitBloqCommandGenerator.csproj", "{CE6E35D1-CDC5-4148-A718-F3FCBB5900C2}"
EndProject
Global
	GlobalSection(SolutionConfigurationPlatforms) = preSolution
		Debug|Any CPU = Debug|Any CPU
		Release|Any CPU = Release|Any CPU
	EndGlobalSection
	GlobalSection(ProjectConfigurationPlatforms) = postSolution
		{CE6E35D1-CDC5-4148-A718-F3FCBB5900C2}.Debug|Any CPU.ActiveCfg = Debug|Any CPU
		{CE6E35D1-CDC5-4148-A718-F3FCBB5900C2}.Debug|Any CPU.Build.0 = Debug|Any CPU
		{CE6E35D1-CDC5-4148-A718-F3FCBB5900C2}.Release|Any CPU.ActiveCfg = Release|Any CPU
		{CE6E35D1-CDC5-4148-A718-F3FCBB5900C2}.Release|Any CPU.Build.0 = Release|Any CPU
	EndGlobalSection
	GlobalSection(SolutionProperties) = preSolution
		HideSolutionNode = FALSE
	EndGlobalSection
	GlobalSection(ExtensibilityGlobals) = postSolution
		SolutionGuid = {C1A6A5C1-CF2D-450C-9578-08F59BA3E213}
	EndGlobalSection
EndGlobal
